{
  "name": "snapback",
  "lockfileVersion": 3,
  "requires": true,
  "packages": {
    "": {
      "dependencies": {
        "@std/fs": "npm:@jsr/std__fs@^1.0.20",
        "commander": "^14.0.2",
        "confbox": "^0.2.2",
        "strftime": "^0.10.3"
      },
      "devDependencies": {
        "@types/node": "^25.0.1",
        "@types/strftime": "^0.9.8",
        "deno": "^2.6.0",
        "jsr": "^0.13.5"
      }
    },
    "node_modules/@deno/darwin-arm64": {
      "version": "2.6.0",
      "resolved": "https://registry.npmjs.org/@deno/darwin-arm64/-/darwin-arm64-2.6.0.tgz",
      "integrity": "sha512-9WHqeC4TYhyAogLE4mbFDDDnXPslKjVlbgQkreSdp7zXeUxopj0WB60mSNHaFFJk9vrRkwtT4SsIa9GM1wQjjQ==",
      "cpu": [
        "arm64"
      ],
      "dev": true,
      "license": "MIT",
      "optional": true,
      "os": [
        "darwin"
      ]
    },
    "node_modules/@deno/darwin-x64": {
      "version": "2.6.0",
      "resolved": "https://registry.npmjs.org/@deno/darwin-x64/-/darwin-x64-2.6.0.tgz",
      "integrity": "sha512-0qUO7PXerNrfKpReQ9Di3h2OQcOi+bS3dUkwOekLzN6LtFgKKhXGkT5JkqLciE92Y84OEatk/10Vt53KYBbAPw==",
      "cpu": [
        "x64"
      ],
      "dev": true,
      "license": "MIT",
      "optional": true,
      "os": [
        "darwin"
      ]
    },
    "node_modules/@deno/linux-arm64-glibc": {
      "version": "2.6.0",
      "resolved": "https://registry.npmjs.org/@deno/linux-arm64-glibc/-/linux-arm64-glibc-2.6.0.tgz",
      "integrity": "sha512-LZBoUwl1CShHDybrC88mvCV5n3EEOXuo94kYF4AgAJHA0W2twlOCwLBf3CreSD6v3SrAuEnnKSUDyXjQ2SkMhA==",
      "cpu": [
        "arm64"
      ],
      "dev": true,
      "license": "MIT",
      "optional": true,
      "os": [
        "linux"
      ]
    },
    "node_modules/@deno/linux-x64-glibc": {
      "version": "2.6.0",
      "resolved": "https://registry.npmjs.org/@deno/linux-x64-glibc/-/linux-x64-glibc-2.6.0.tgz",
      "integrity": "sha512-QBFOLAZU4aFTDok6mNqz32V+Z6yvGlifPXeT5rm+AsmrFGLzXbn2dqJV/03yXaP7Fj1I2Lmp/ltPbVjsj1raqg==",
      "cpu": [
        "x64"
      ],
      "dev": true,
      "license": "MIT",
      "optional": true,
      "os": [
        "linux"
      ]
    },
    "node_modules/@deno/win32-arm64": {
      "version": "2.6.0",
      "resolved": "https://registry.npmjs.org/@deno/win32-arm64/-/win32-arm64-2.6.0.tgz",
      "integrity": "sha512-+ElZwl31OHlykQ+BMkc+8gzs9UWRjaOIcb6woSIcXflGGVuhNyUUv101q2G4AV7Wv/kMA2wNTPJNAOuXOMnu/w==",
      "cpu": [
        "arm64"
      ],
      "dev": true,
      "license": "MIT",
      "optional": true,
      "os": [
        "win32"
      ]
    },
    "node_modules/@deno/win32-x64": {
      "version": "2.6.0",
      "resolved": "https://registry.npmjs.org/@deno/win32-x64/-/win32-x64-2.6.0.tgz",
      "integrity": "sha512-vB/6WoSklXx8EozFEeQQn+5MRnMGbM6srOolDmh2U5U0C5E6gzSmkPkt/+om+tnKR4GRzatfxkJHkxzRvYhFZw==",
      "cpu": [
        "x64"
      ],
      "dev": true,
      "license": "MIT",
      "optional": true,
      "os": [
        "win32"
      ]
    },
    "node_modules/@jsr/std__internal": {
      "version": "1.0.12",
      "resolved": "https://npm.jsr.io/~/11/@jsr/std__internal/1.0.12.tgz",
      "integrity": "sha512-6xReMW9p+paJgqoFRpOE2nogJFvzPfaLHLIlyADYjKMUcwDyjKZxryIbgcU+gxiTygn8yCjld1HoI0ET4/iZeA=="
    },
    "node_modules/@jsr/std__path": {
      "version": "1.1.3",
      "resolved": "https://npm.jsr.io/~/11/@jsr/std__path/1.1.3.tgz",
      "integrity": "sha512-7HAc3nOGizbIunNCUQ4mrF7XY/SpAEIlq5pBR0sOzkcLB7520baEqnOmXTFiIUTp/umKE5ArEegMM1F39N51Rg==",
      "dependencies": {
        "@jsr/std__internal": "^1.0.12"
      }
    },
    "node_modules/@std/fs": {
      "name": "@jsr/std__fs",
      "version": "1.0.20",
      "resolved": "https://npm.jsr.io/~/11/@jsr/std__fs/1.0.20.tgz",
      "integrity": "sha512-wBw/Y+EfWVgZq6qlqD8M84q0kSuPwLmjnXy97KGfdrkorvzTZCs5AbHElsed/Yi90PuH39tvNhLCHeRGObUwPA==",
      "dependencies": {
        "@jsr/std__internal": "^1.0.12",
        "@jsr/std__path": "^1.1.3"
      }
    },
    "node_modules/@types/node": {
      "version": "25.0.1",
      "resolved": "https://registry.npmjs.org/@types/node/-/node-25.0.1.tgz",
      "integrity": "sha512-czWPzKIAXucn9PtsttxmumiQ9N0ok9FrBwgRWrwmVLlp86BrMExzvXRLFYRJ+Ex3g6yqj+KuaxfX1JTgV2lpfg==",
      "dev": true,
      "license": "MIT",
      "dependencies": {
        "undici-types": "~7.16.0"
      }
    },
    "node_modules/@types/strftime": {
      "version": "0.9.8",
      "resolved": "https://registry.npmjs.org/@types/strftime/-/strftime-0.9.8.tgz",
      "integrity": "sha512-QIvDlGAKyF3YJbT3QZnfC+RIvV5noyDbi+ZJ5rkaSRqxCGrYJefgXm3leZAjtoQOutZe1hCXbAg+p89/Vj4HlQ==",
      "dev": true,
      "license": "MIT"
    },
    "node_modules/commander": {
      "version": "14.0.2",
      "resolved": "https://registry.npmjs.org/commander/-/commander-14.0.2.tgz",
      "integrity": "sha512-TywoWNNRbhoD0BXs1P3ZEScW8W5iKrnbithIl0YH+uCmBd0QpPOA8yc82DS3BIE5Ma6FnBVUsJ7wVUDz4dvOWQ==",
      "license": "MIT",
      "engines": {
        "node": ">=20"
      }
    },
    "node_modules/confbox": {
      "version": "0.2.2",
      "resolved": "https://registry.npmjs.org/confbox/-/confbox-0.2.2.tgz",
      "integrity": "sha512-1NB+BKqhtNipMsov4xI/NnhCKp9XG9NamYp5PVm9klAT0fsrNPjaFICsCFhNhwZJKNh7zB/3q8qXz0E9oaMNtQ==",
      "license": "MIT"
    },
    "node_modules/deno": {
      "version": "2.6.0",
      "resolved": "https://registry.npmjs.org/deno/-/deno-2.6.0.tgz",
      "integrity": "sha512-vm+cRVxePdiOyPbaC30s3BrazMVQ2Q3lZu7TYjvBkyyUqXWaCC7eOfu2YLz4Yf8dvV5UuBJ8zugsHLLde4GpzQ==",
      "dev": true,
      "hasInstallScript": true,
      "license": "MIT",
      "bin": {
        "deno": "bin.cjs"
      },
      "optionalDependencies": {
        "@deno/darwin-arm64": "2.6.0",
        "@deno/darwin-x64": "2.6.0",
        "@deno/linux-arm64-glibc": "2.6.0",
        "@deno/linux-x64-glibc": "2.6.0",
        "@deno/win32-arm64": "2.6.0",
        "@deno/win32-x64": "2.6.0"
      }
    },
    "node_modules/jsr": {
      "version": "0.13.5",
      "resolved": "https://registry.npmjs.org/jsr/-/jsr-0.13.5.tgz",
      "integrity": "sha512-qQP20ZcG28pYes7bCq3uuvixl1TL1EpJzwLPfoQadSyWk9j2AID66qhW8+aXpRDRFDvDkXFnONsSRhpnnQAupg==",
      "dev": true,
      "license": "MIT",
      "dependencies": {
        "node-stream-zip": "^1.15.0",
        "semiver": "^1.1.0"
      },
      "bin": {
        "jsr": "dist/bin.js"
      }
    },
    "node_modules/node-stream-zip": {
      "version": "1.15.0",
      "resolved": "https://registry.npmjs.org/node-stream-zip/-/node-stream-zip-1.15.0.tgz",
      "integrity": "sha512-LN4fydt9TqhZhThkZIVQnF9cwjU3qmUH9h78Mx/K7d3VvfRqqwthLwJEUOEL0QPZ0XQmNN7be5Ggit5+4dq3Bw==",
      "dev": true,
      "license": "MIT",
      "engines": {
        "node": ">=0.12.0"
      },
      "funding": {
        "type": "github",
        "url": "https://github.com/sponsors/antelle"
      }
    },
    "node_modules/semiver": {
      "version": "1.1.0",
      "resolved": "https://registry.npmjs.org/semiver/-/semiver-1.1.0.tgz",
      "integrity": "sha512-QNI2ChmuioGC1/xjyYwyZYADILWyW6AmS1UH6gDj/SFUUUS4MBAWs/7mxnkRPc/F4iHezDP+O8t0dO8WHiEOdg==",
      "dev": true,
      "license": "MIT",
      "engines": {
        "node": ">=6"
      }
    },
    "node_modules/strftime": {
      "version": "0.10.3",
      "resolved": "https://registry.npmjs.org/strftime/-/strftime-0.10.3.tgz",
      "integrity": "sha512-DZrDUeIF73eKJ4/GgGuv8UHWcUQPYDYfDeQFj3jrx+JZl6GQE656MbHIpvbo4mEG9a5DgS8GRCc5DxJXD2udDQ==",
      "license": "MIT",
      "engines": {
        "node": ">=0.2.0"
      }
    },
    "node_modules/undici-types": {
      "version": "7.16.0",
      "resolved": "https://registry.npmjs.org/undici-types/-/undici-types-7.16.0.tgz",
      "integrity": "sha512-Zz+aZWSj8LE6zoxD+xrjh4VfkIG8Ya6LvYkZqtUQGJPZjYl53ypCaUwWqo7eI0x66KBGeRo+mlBEkMSeSZ38Nw==",
      "dev": true,
      "license": "MIT"
    }
  }
}
